
Microsoft Visual Studio Solution File, Format Version 12.00
# Visual Studio 15
VisualStudioVersion = 15.0.28010.2046
MinimumVisualStudioVersion = 10.0.40219.1
Project("{FAE04EC0-301F-11D3-BF4B-00C04F79EFBC}") = "SuperHeroes", "SuperHeroes\SuperHeroes.csproj", "{28D8700A-AE05-4F09-82A9-AB9C35017A15}"
EndProject
Global
	GlobalSection(SolutionConfigurationPlatforms) = preSolution
		Debug|Any CPU = Debug|Any CPU
		Release|Any CPU = Release|Any CPU
	EndGlobalSection
	GlobalSection(ProjectConfigurationPlatforms) = postSolution
		{28D8700A-AE05-4F09-82A9-AB9C35017A15}.Debug|Any CPU.ActiveCfg = Debug|Any CPU
		{28D8700A-AE05-4F09-82A9-AB9C35017A15}.Debug|Any CPU.Build.0 = Debug|Any CPU
		{28D8700A-AE05-4F09-82A9-AB9C35017A15}.Release|Any CPU.ActiveCfg = Release|Any CPU
		{28D8700A-AE05-4F09-82A9-AB9C35017A15}.Release|Any CPU.Build.0 = Release|Any CPU
	EndGlobalSection
	GlobalSection(SolutionProperties) = preSolution
		HideSolutionNode = FALSE
	EndGlobalSection
	GlobalSection(ExtensibilityGlobals) = postSolution
		SolutionGuid = {41ABBCF9-ABB1-4037-802F-915475AB1503}
	EndGlobalSection
EndGlobal
